# This file is automatically @generated by Cargo.
# It is not intended for manual editing.
version = 4

[[package]]
name = "hermes-cli"
version = "0.1.0"
dependencies = [
 "hermes-proxy",
 "hermes-scripts",
 "hermes-store",
 "hermes-tui",
]

[[package]]
name = "hermes-proxy"
version = "0.1.0"

[[package]]
name = "hermes-scripts"
version = "0.1.0"

[[package]]
name = "hermes-store"
version = "0.1.0"

[[package]]
name = "hermes-tui"
version = "0.1.0"
